
Microsoft Visual Studio Solution File, Format Version 12.00
# Visual Studio Version 16
VisualStudioVersion = 16.0.34031.81
MinimumVisualStudioVersion = 10.0.40219.1
Project("{FAE04EC0-301F-11D3-BF4B-00C04F79EFBC}") = "ChessTask", "ChessTask\ChessTask.csproj", "{207F597D-04A4-4D92-9630-A663BAD1111F}"
EndProject
Global
	GlobalSection(SolutionConfigurationPlatforms) = preSolution
		Debug|Any CPU = Debug|Any CPU
		Release|Any CPU = Release|Any CPU
	EndGlobalSection
	GlobalSection(ProjectConfigurationPlatforms) = postSolution
		{207F597D-04A4-4D92-9630-A663BAD1111F}.Debug|Any CPU.ActiveCfg = Debug|Any CPU
		{207F597D-04A4-4D92-9630-A663BAD1111F}.Debug|Any CPU.Build.0 = Debug|Any CPU
		{207F597D-04A4-4D92-9630-A663BAD1111F}.Release|Any CPU.ActiveCfg = Release|Any CPU
		{207F597D-04A4-4D92-9630-A663BAD1111F}.Release|Any CPU.Build.0 = Release|Any CPU
	EndGlobalSection
	GlobalSection(SolutionProperties) = preSolution
		HideSolutionNode = FALSE
	EndGlobalSection
	GlobalSection(ExtensibilityGlobals) = postSolution
		SolutionGuid = {2C458879-F78D-42B4-9D5B-4F4EB36123E1}
	EndGlobalSection
EndGlobal
